
Microsoft Visual Studio Solution File, Format Version 12.00
# Visual Studio Version 17
VisualStudioVersion = 17.5.002.0
MinimumVisualStudioVersion = 10.0.40219.1
Project("{9A19103F-16F7-4668-BE54-9A1E7A4F7556}") = "HelseId.Samples.ApiAccess", "HelseId.Samples.ApiAccess.csproj", "{2C6EC98A-8DFF-476E-BC79-EECFFB3C4DCB}"
EndProject
Global
	GlobalSection(SolutionConfigurationPlatforms) = preSolution
		Debug|Any CPU = Debug|Any CPU
		Release|Any CPU = Release|Any CPU
	EndGlobalSection
	GlobalSection(ProjectConfigurationPlatforms) = postSolution
		{2C6EC98A-8DFF-476E-BC79-EECFFB3C4DCB}.Debug|Any CPU.ActiveCfg = Debug|Any CPU
		{2C6EC98A-8DFF-476E-BC79-EECFFB3C4DCB}.Debug|Any CPU.Build.0 = Debug|Any CPU
		{2C6EC98A-8DFF-476E-BC79-EECFFB3C4DCB}.Release|Any CPU.ActiveCfg = Release|Any CPU
		{2C6EC98A-8DFF-476E-BC79-EECFFB3C4DCB}.Release|Any CPU.Build.0 = Release|Any CPU
	EndGlobalSection
	GlobalSection(SolutionProperties) = preSolution
		HideSolutionNode = FALSE
	EndGlobalSection
	GlobalSection(ExtensibilityGlobals) = postSolution
		SolutionGuid = {5E4674B3-12AC-4C72-9D23-1ECDEAF89B30}
	EndGlobalSection
EndGlobal
